
Microsoft Visual Studio Solution File, Format Version 12.00
# Visual Studio 2013
VisualStudioVersion = 12.0.31101.0
MinimumVisualStudioVersion = 10.0.40219.1
Project("{FAE04EC0-301F-11D3-BF4B-00C04F79EFBC}") = "Budget", "Budget\Budget.csproj", "{01A4EC02-CD68-4908-A8DB-DD04E4717EBA}"
EndProject
Project("{FAE04EC0-301F-11D3-BF4B-00C04F79EFBC}") = "BJ.Common", "BJ.Common\BJ.Common\BJ.Common.csproj", "{BB48D726-FEC3-49AB-8FC9-9F1286FA964E}"
EndProject
Global
	GlobalSection(SolutionConfigurationPlatforms) = preSolution
		Debug|Any CPU = Debug|Any CPU
		Release|Any CPU = Release|Any CPU
	EndGlobalSection
	GlobalSection(ProjectConfigurationPlatforms) = postSolution
		{01A4EC02-CD68-4908-A8DB-DD04E4717EBA}.Debug|Any CPU.ActiveCfg = Debug|Any CPU
		{01A4EC02-CD68-4908-A8DB-DD04E4717EBA}.Debug|Any CPU.Build.0 = Debug|Any CPU
		{01A4EC02-CD68-4908-A8DB-DD04E4717EBA}.Release|Any CPU.ActiveCfg = Release|Any CPU
		{01A4EC02-CD68-4908-A8DB-DD04E4717EBA}.Release|Any CPU.Build.0 = Release|Any CPU
		{BB48D726-FEC3-49AB-8FC9-9F1286FA964E}.Debug|Any CPU.ActiveCfg = Debug|Any CPU
		{BB48D726-FEC3-49AB-8FC9-9F1286FA964E}.Debug|Any CPU.Build.0 = Debug|Any CPU
		{BB48D726-FEC3-49AB-8FC9-9F1286FA964E}.Release|Any CPU.ActiveCfg = Release|Any CPU
		{BB48D726-FEC3-49AB-8FC9-9F1286FA964E}.Release|Any CPU.Build.0 = Release|Any CPU
	EndGlobalSection
	GlobalSection(SolutionProperties) = preSolution
		HideSolutionNode = FALSE
	EndGlobalSection
EndGlobal
